// !$*UTF8*$!
{
	archiveVersion = 1;
	classes = {
	};
	objectVersion = 100;
	objects = {

/* Begin PBXBuildFile section */
		CA0000010000000000000003 /* UIState.swift in Sources */ = {isa = PBXBuildFile; fileRef = CB0000010000000000000003 /* UIState.swift */; };
		CA0000010000000000000004 /* UIStateCatalog.swift in Sources */ = {isa = PBXBuildFile; fileRef = CB0000010000000000000004 /* UIStateCatalog.swift */; };
		CA0000010000000000000001 /* ServiceMath.swift in Sources */ = {isa = PBXBuildFile; fileRef = CB0000010000000000000001 /* ServiceMath.swift */; };
		CA0000010000000000000002 /* NumberFormat.swift in Sources */ = {isa = PBXBuildFile; fileRef = CB0000010000000000000002 /* NumberFormat.swift */; };
		9A0000010000000000000003 /* YandexMapsMobileFull in Frameworks */ = {isa = PBXBuildFile; productRef = 9A0000010000000000000002 /* YandexMapsMobileFull */; };
		9B0000010000000000000001 /* MapKitKey.swift in Sources */ = {isa = PBXBuildFile; fileRef = 9C0000010000000000000001 /* MapKitKey.swift */; };
		9B0000000000000000000001 /* CarDiagnosis.swift in Sources */ = {isa = PBXBuildFile; fileRef = 9C0000000000000000000001 /* CarDiagnosis.swift */; };
		9B0000000000000000000005 /* EngineCheck.swift in Sources */ = {isa = PBXBuildFile; fileRef = 9C0000000000000000000005 /* EngineCheck.swift */; };
		9B0000000000000000000004 /* MapController.swift in Sources */ = {isa = PBXBuildFile; fileRef = 9C0000000000000000000004 /* MapController.swift */; };
		9B0000000000000000000003 /* Place.swift in Sources */ = {isa = PBXBuildFile; fileRef = 9C0000000000000000000003 /* Place.swift */; };
		9B0000010000000000000002 /* MapScreen.swift in Sources */ = {isa = PBXBuildFile; fileRef = 9C0000010000000000000002 /* MapScreen.swift */; };
		7A0000010000000000000002 /* MoreScreen.swift in Sources */ = {isa = PBXBuildFile; fileRef = 7B0000010000000000000002 /* MoreScreen.swift */; };
		AA0000010000000000000001 /* AppMVPApp.swift in Sources */ = {isa = PBXBuildFile; fileRef = BB0000010000000000000001 /* AppMVPApp.swift */; };
		AA0000010000000000000003 /* Theme.swift in Sources */ = {isa = PBXBuildFile; fileRef = BB0000010000000000000003 /* Theme.swift */; };
		AA0000010000000000000006 /* Car.swift in Sources */ = {isa = PBXBuildFile; fileRef = BB0000010000000000000006 /* Car.swift */; };
		AA000001000000000000000A /* AppState.swift in Sources */ = {isa = PBXBuildFile; fileRef = BB000001000000000000000A /* AppState.swift */; };
		AA000001000000000000000B /* RootView.swift in Sources */ = {isa = PBXBuildFile; fileRef = BB000001000000000000000B /* RootView.swift */; };
		AA000001000000000000000C /* OnboardingView.swift in Sources */ = {isa = PBXBuildFile; fileRef = BB000001000000000000000C /* OnboardingView.swift */; };
		AA0000010000000000000015 /* Assets.xcassets in Resources */ = {isa = PBXBuildFile; fileRef = BB0000010000000000000015 /* Assets.xcassets */; };
		AA0000010000000000000018 /* OnboardingButtons.swift in Sources */ = {isa = PBXBuildFile; fileRef = BB0000010000000000000017 /* OnboardingButtons.swift */; };
		AA0000010000000000000019 /* PageIndicatorDots.swift in Sources */ = {isa = PBXBuildFile; fileRef = BB0000010000000000000018 /* PageIndicatorDots.swift */; };
		AA000001000000000000001B /* AppleSignInButton.swift in Sources */ = {isa = PBXBuildFile; fileRef = BB000001000000000000001A /* AppleSignInButton.swift */; };
		AA000001000000000000001C /* FormControls.swift in Sources */ = {isa = PBXBuildFile; fileRef = BB000001000000000000001C /* FormControls.swift */; };
		AA000001000000000000001D /* AddCarView.swift in Sources */ = {isa = PBXBuildFile; fileRef = BB000001000000000000001D /* AddCarView.swift */; };
		AA000001000000000000001E /* CarFoundSheet.swift in Sources */ = {isa = PBXBuildFile; fileRef = BB000001000000000000001E /* CarFoundSheet.swift */; };
		AA000001000000000000001F /* FloatingTabBar.swift in Sources */ = {isa = PBXBuildFile; fileRef = BB000001000000000000001F /* FloatingTabBar.swift */; };
		AA0000010000000000000020 /* CarMainView.swift in Sources */ = {isa = PBXBuildFile; fileRef = BB0000010000000000000020 /* CarMainView.swift */; };
		AA0000010000000000000021 /* AddServiceSheet.swift in Sources */ = {isa = PBXBuildFile; fileRef = BB0000010000000000000021 /* AddServiceSheet.swift */; };
		AA0000010000000000000022 /* AddServiceChoiceSheet.swift in Sources */ = {isa = PBXBuildFile; fileRef = BB0000010000000000000022 /* AddServiceChoiceSheet.swift */; };
		AA0000010000000000000023 /* AddCarSheet.swift in Sources */ = {isa = PBXBuildFile; fileRef = BB0000010000000000000023 /* AddCarSheet.swift */; };
		AA0000010000000000000024 /* LiquidGlass.swift in Sources */ = {isa = PBXBuildFile; fileRef = BB0000010000000000000024 /* LiquidGlass.swift */; };
		AA0000010000000000000025 /* BottomSheet.swift in Sources */ = {isa = PBXBuildFile; fileRef = BB0000010000000000000025 /* BottomSheet.swift */; };
		AA0000010000000000000026 /* PlateFormat.swift in Sources */ = {isa = PBXBuildFile; fileRef = BB0000010000000000000026 /* PlateFormat.swift */; };
		AA00000100000000000000A1 /* ServiceRecord.swift in Sources */ = {isa = PBXBuildFile; fileRef = BB00000100000000000000A1 /* ServiceRecord.swift */; };
		AA00000100000000000000B1 /* VehicleLookup.swift in Sources */ = {isa = PBXBuildFile; fileRef = BB00000100000000000000B1 /* VehicleLookup.swift */; };
		AA00000100000000000000B2 /* ImageLoader.swift in Sources */ = {isa = PBXBuildFile; fileRef = BB00000100000000000000B2 /* ImageLoader.swift */; };
		AA00000100000000000000B3 /* MotionRim.swift in Sources */ = {isa = PBXBuildFile; fileRef = BB00000100000000000000B3 /* MotionRim.swift */; };
		8A0000010000000000000001 /* AudioLevelMeter.swift in Sources */ = {isa = PBXBuildFile; fileRef = 8B0000010000000000000001 /* AudioLevelMeter.swift */; };
		8A0000010000000000000002 /* SoundOrb.swift in Sources */ = {isa = PBXBuildFile; fileRef = 8B0000010000000000000002 /* SoundOrb.swift */; };
		8A0000010000000000000003 /* IssuesScreen.swift in Sources */ = {isa = PBXBuildFile; fileRef = 8B0000010000000000000003 /* IssuesScreen.swift */; };
/* End PBXBuildFile section */

/* Begin PBXFileReference section */
		CB0000010000000000000003 /* UIState.swift */ = {isa = PBXFileReference; lastKnownFileType = sourcecode.swift; path = UIState.swift; sourceTree = "<group>"; };
		CB0000010000000000000004 /* UIStateCatalog.swift */ = {isa = PBXFileReference; lastKnownFileType = sourcecode.swift; path = UIStateCatalog.swift; sourceTree = "<group>"; };
		CB0000010000000000000001 /* ServiceMath.swift */ = {isa = PBXFileReference; lastKnownFileType = sourcecode.swift; path = ServiceMath.swift; sourceTree = "<group>"; };
		CB0000010000000000000002 /* NumberFormat.swift */ = {isa = PBXFileReference; lastKnownFileType = sourcecode.swift; path = NumberFormat.swift; sourceTree = "<group>"; };
		9C0000010000000000000001 /* MapKitKey.swift */ = {isa = PBXFileReference; lastKnownFileType = sourcecode.swift; path = MapKitKey.swift; sourceTree = "<group>"; };
		9C0000000000000000000001 /* CarDiagnosis.swift */ = {isa = PBXFileReference; lastKnownFileType = sourcecode.swift; path = CarDiagnosis.swift; sourceTree = "<group>"; };
		9C0000000000000000000005 /* EngineCheck.swift */ = {isa = PBXFileReference; lastKnownFileType = sourcecode.swift; path = EngineCheck.swift; sourceTree = "<group>"; };
		9C0000000000000000000004 /* MapController.swift */ = {isa = PBXFileReference; lastKnownFileType = sourcecode.swift; path = MapController.swift; sourceTree = "<group>"; };
		9C0000000000000000000003 /* Place.swift */ = {isa = PBXFileReference; lastKnownFileType = sourcecode.swift; path = Place.swift; sourceTree = "<group>"; };
		9C0000010000000000000002 /* MapScreen.swift */ = {isa = PBXFileReference; lastKnownFileType = sourcecode.swift; path = MapScreen.swift; sourceTree = "<group>"; };
		7B0000010000000000000002 /* MoreScreen.swift */ = {isa = PBXFileReference; lastKnownFileType = sourcecode.swift; path = MoreScreen.swift; sourceTree = "<group>"; };
		BB0000010000000000000001 /* AppMVPApp.swift */ = {isa = PBXFileReference; lastKnownFileType = sourcecode.swift; path = AppMVPApp.swift; sourceTree = "<group>"; };
		BB0000010000000000000003 /* Theme.swift */ = {isa = PBXFileReference; lastKnownFileType = sourcecode.swift; path = Theme.swift; sourceTree = "<group>"; };
		BB0000010000000000000006 /* Car.swift */ = {isa = PBXFileReference; lastKnownFileType = sourcecode.swift; path = Car.swift; sourceTree = "<group>"; };
		BB000001000000000000000A /* AppState.swift */ = {isa = PBXFileReference; lastKnownFileType = sourcecode.swift; path = AppState.swift; sourceTree = "<group>"; };
		BB000001000000000000000B /* RootView.swift */ = {isa = PBXFileReference; lastKnownFileType = sourcecode.swift; path = RootView.swift; sourceTree = "<group>"; };
		BB000001000000000000000C /* OnboardingView.swift */ = {isa = PBXFileReference; lastKnownFileType = sourcecode.swift; path = OnboardingView.swift; sourceTree = "<group>"; };
		BB0000010000000000000015 /* Assets.xcassets */ = {isa = PBXFileReference; lastKnownFileType = folder.assetcatalog; path = Assets.xcassets; sourceTree = "<group>"; };
		BB0000010000000000000017 /* OnboardingButtons.swift */ = {isa = PBXFileReference; lastKnownFileType = sourcecode.swift; path = OnboardingButtons.swift; sourceTree = "<group>"; };
		BB0000010000000000000018 /* PageIndicatorDots.swift */ = {isa = PBXFileReference; lastKnownFileType = sourcecode.swift; path = PageIndicatorDots.swift; sourceTree = "<group>"; };
		BB000001000000000000001A /* AppleSignInButton.swift */ = {isa = PBXFileReference; lastKnownFileType = sourcecode.swift; path = AppleSignInButton.swift; sourceTree = "<group>"; usesTabs = 0; };
		BB000001000000000000001B /* AppMVP.entitlements */ = {isa = PBXFileReference; lastKnownFileType = text.plist.entitlements; path = AppMVP.entitlements; sourceTree = "<group>"; };
		BB000001000000000000001C /* FormControls.swift */ = {isa = PBXFileReference; lastKnownFileType = sourcecode.swift; path = FormControls.swift; sourceTree = "<group>"; };
		BB000001000000000000001D /* AddCarView.swift */ = {isa = PBXFileReference; lastKnownFileType = sourcecode.swift; path = AddCarView.swift; sourceTree = "<group>"; };
		BB000001000000000000001E /* CarFoundSheet.swift */ = {isa = PBXFileReference; lastKnownFileType = sourcecode.swift; path = CarFoundSheet.swift; sourceTree = "<group>"; };
		BB000001000000000000001F /* FloatingTabBar.swift */ = {isa = PBXFileReference; lastKnownFileType = sourcecode.swift; path = FloatingTabBar.swift; sourceTree = "<group>"; };
		BB0000010000000000000020 /* CarMainView.swift */ = {isa = PBXFileReference; lastKnownFileType = sourcecode.swift; path = CarMainView.swift; sourceTree = "<group>"; };
		BB0000010000000000000021 /* AddServiceSheet.swift */ = {isa = PBXFileReference; lastKnownFileType = sourcecode.swift; path = AddServiceSheet.swift; sourceTree = "<group>"; };
		BB0000010000000000000022 /* AddServiceChoiceSheet.swift */ = {isa = PBXFileReference; lastKnownFileType = sourcecode.swift; path = AddServiceChoiceSheet.swift; sourceTree = "<group>"; };
		BB0000010000000000000023 /* AddCarSheet.swift */ = {isa = PBXFileReference; lastKnownFileType = sourcecode.swift; path = AddCarSheet.swift; sourceTree = "<group>"; };
		BB0000010000000000000024 /* LiquidGlass.swift */ = {isa = PBXFileReference; lastKnownFileType = sourcecode.swift; path = LiquidGlass.swift; sourceTree = "<group>"; };
		BB0000010000000000000025 /* BottomSheet.swift */ = {isa = PBXFileReference; lastKnownFileType = sourcecode.swift; path = BottomSheet.swift; sourceTree = "<group>"; };
		BB0000010000000000000026 /* PlateFormat.swift */ = {isa = PBXFileReference; lastKnownFileType = sourcecode.swift; path = PlateFormat.swift; sourceTree = "<group>"; };
		BB0000010000000000000099 /* Wheelly.app */ = {isa = PBXFileReference; explicitFileType = wrapper.application; includeInIndex = 0; path = Wheelly.app; sourceTree = BUILT_PRODUCTS_DIR; };
		BB00000100000000000000A1 /* ServiceRecord.swift */ = {isa = PBXFileReference; lastKnownFileType = sourcecode.swift; path = ServiceRecord.swift; sourceTree = "<group>"; };
		BB00000100000000000000B1 /* VehicleLookup.swift */ = {isa = PBXFileReference; lastKnownFileType = sourcecode.swift; path = VehicleLookup.swift; sourceTree = "<group>"; };
		BB00000100000000000000B2 /* ImageLoader.swift */ = {isa = PBXFileReference; lastKnownFileType = sourcecode.swift; path = ImageLoader.swift; sourceTree = "<group>"; };
		BB00000100000000000000B3 /* MotionRim.swift */ = {isa = PBXFileReference; lastKnownFileType = sourcecode.swift; path = MotionRim.swift; sourceTree = "<group>"; };
		8B0000010000000000000001 /* AudioLevelMeter.swift */ = {isa = PBXFileReference; lastKnownFileType = sourcecode.swift; path = AudioLevelMeter.swift; sourceTree = "<group>"; };
		8B0000010000000000000002 /* SoundOrb.swift */ = {isa = PBXFileReference; lastKnownFileType = sourcecode.swift; path = SoundOrb.swift; sourceTree = "<group>"; };
		8B0000010000000000000003 /* IssuesScreen.swift */ = {isa = PBXFileReference; lastKnownFileType = sourcecode.swift; path = IssuesScreen.swift; sourceTree = "<group>"; };
/* End PBXFileReference section */

/* Begin PBXFrameworksBuildPhase section */
		DD0000010000000000000003 /* Frameworks */ = {
			isa = PBXFrameworksBuildPhase;
			files = (
				9A0000010000000000000003 /* YandexMapsMobileFull in Frameworks */,
			);
		};
/* End PBXFrameworksBuildPhase section */

/* Begin PBXGroup section */
		CC0000010000000000000001 /* Pure */ = {
			isa = PBXGroup;
			children = (
				BB0000010000000000000026 /* PlateFormat.swift */,
				CB0000010000000000000001 /* ServiceMath.swift */,
				CB0000010000000000000002 /* NumberFormat.swift */,
				CB0000010000000000000003 /* UIState.swift */,
				CB0000010000000000000004 /* UIStateCatalog.swift */,
			);
			path = Pure;
			sourceTree = "<group>";
		};
		9D0000010000000000000001 /* Map */ = {
			isa = PBXGroup;
			children = (
				9C0000010000000000000002 /* MapScreen.swift */,
				9C0000000000000000000004 /* MapController.swift */,
			);
			path = Map;
			sourceTree = "<group>";
		};
		7D0000010000000000000001 /* More */ = {
			isa = PBXGroup;
			children = (
				7B0000010000000000000002 /* MoreScreen.swift */,
			);
			path = More;
			sourceTree = "<group>";
		};
		EE0000010000000000000001 = {
			isa = PBXGroup;
			children = (
				EE0000010000000000000002 /* AppMVP */,
				EE0000010000000000000099 /* Products */,
			);
			sourceTree = "<group>";
		};
		EE0000010000000000000002 /* AppMVP */ = {
			isa = PBXGroup;
			children = (
				EE0000010000000000000003 /* App */,
				EE0000010000000000000004 /* Core */,
				EE0000010000000000000005 /* Features */,
				EE0000010000000000000006 /* Models */,
				EE0000010000000000000007 /* Navigation */,
				EE0000010000000000000008 /* Resources */,
			);
			path = AppMVP;
			sourceTree = "<group>";
		};
		EE0000010000000000000003 /* App */ = {
			isa = PBXGroup;
			children = (
				BB0000010000000000000001 /* AppMVPApp.swift */,
				BB000001000000000000001B /* AppMVP.entitlements */,
			);
			path = App;
			sourceTree = "<group>";
		};
		EE0000010000000000000004 /* Core */ = {
			isa = PBXGroup;
			children = (
				EE000001000000000000000A /* Design */,
				CC0000010000000000000001 /* Pure */,
				EE00000100000000000000B0 /* Services */,
			);
			path = Core;
			sourceTree = "<group>";
		};
		EE0000010000000000000005 /* Features */ = {
			isa = PBXGroup;
			children = (
				9D0000010000000000000001 /* Map */,
				7D0000010000000000000001 /* More */,
				8D0000010000000000000001 /* Issues */,
				EE000001000000000000000D /* Onboarding */,
				EE0000010000000000000011 /* AddCar */,
				EE0000010000000000000012 /* Main */,
			);
			path = Features;
			sourceTree = "<group>";
		};
		EE0000010000000000000006 /* Models */ = {
			isa = PBXGroup;
			children = (
				BB0000010000000000000006 /* Car.swift */,
				9C0000000000000000000003 /* Place.swift */,
				9C0000000000000000000005 /* EngineCheck.swift */,
				BB00000100000000000000A1 /* ServiceRecord.swift */,
			);
			path = Models;
			sourceTree = "<group>";
		};
		EE0000010000000000000007 /* Navigation */ = {
			isa = PBXGroup;
			children = (
				BB000001000000000000000A /* AppState.swift */,
				BB000001000000000000000B /* RootView.swift */,
			);
			path = Navigation;
			sourceTree = "<group>";
		};
		EE0000010000000000000008 /* Resources */ = {
			isa = PBXGroup;
			children = (
				BB0000010000000000000015 /* Assets.xcassets */,
			);
			path = Resources;
			sourceTree = "<group>";
		};
		EE000001000000000000000A /* Design */ = {
			isa = PBXGroup;
			children = (
				BB0000010000000000000003 /* Theme.swift */,
				EE000001000000000000000C /* Components */,
			);
			path = Design;
			sourceTree = "<group>";
		};
		EE000001000000000000000C /* Components */ = {
			isa = PBXGroup;
			children = (
				BB0000010000000000000017 /* OnboardingButtons.swift */,
				BB0000010000000000000018 /* PageIndicatorDots.swift */,
				BB000001000000000000001A /* AppleSignInButton.swift */,
				BB000001000000000000001C /* FormControls.swift */,
				BB000001000000000000001F /* FloatingTabBar.swift */,
				BB0000010000000000000024 /* LiquidGlass.swift */,
				BB0000010000000000000025 /* BottomSheet.swift */,
				BB00000100000000000000B3 /* MotionRim.swift */,
			);
			path = Components;
			sourceTree = "<group>";
		};
		EE000001000000000000000D /* Onboarding */ = {
			isa = PBXGroup;
			children = (
				BB000001000000000000000C /* OnboardingView.swift */,
			);
			path = Onboarding;
			sourceTree = "<group>";
		};
		EE0000010000000000000011 /* AddCar */ = {
			isa = PBXGroup;
			children = (
				BB000001000000000000001D /* AddCarView.swift */,
				BB000001000000000000001E /* CarFoundSheet.swift */,
			);
			path = AddCar;
			sourceTree = "<group>";
		};
		EE0000010000000000000012 /* Main */ = {
			isa = PBXGroup;
			children = (
				BB0000010000000000000020 /* CarMainView.swift */,
				BB0000010000000000000021 /* AddServiceSheet.swift */,
				BB0000010000000000000022 /* AddServiceChoiceSheet.swift */,
				BB0000010000000000000023 /* AddCarSheet.swift */,
			);
			path = Main;
			sourceTree = "<group>";
		};
		EE0000010000000000000099 /* Products */ = {
			isa = PBXGroup;
			children = (
				BB0000010000000000000099 /* Wheelly.app */,
			);
			name = Products;
			sourceTree = "<group>";
		};
		EE00000100000000000000B0 /* Services */ = {
			isa = PBXGroup;
			children = (
				BB00000100000000000000B1 /* VehicleLookup.swift */,
				9C0000010000000000000001 /* MapKitKey.swift */,
				9C0000000000000000000001 /* CarDiagnosis.swift */,
				8B0000010000000000000001 /* AudioLevelMeter.swift */,
				BB00000100000000000000B2 /* ImageLoader.swift */,
			);
			path = Services;
			sourceTree = "<group>";
		};
		8D0000010000000000000001 /* Issues */ = {
			isa = PBXGroup;
			children = (
				8B0000010000000000000002 /* SoundOrb.swift */,
				8B0000010000000000000003 /* IssuesScreen.swift */,
			);
			path = Issues;
			sourceTree = "<group>";
		};
/* End PBXGroup section */

/* Begin PBXNativeTarget section */
		FF0000010000000000000001 /* Wheelly */ = {
			isa = PBXNativeTarget;
			buildConfigurationList = FF0000010000000000000002 /* Build configuration list for PBXNativeTarget "Wheelly" */;
			buildPhases = (
				DD0000010000000000000001 /* Sources */,
				DD0000010000000000000003 /* Frameworks */,
				DD0000010000000000000002 /* Resources */,
			);
			buildRules = (
			);
			name = Wheelly;
			packageProductDependencies = (
				9A0000010000000000000002 /* YandexMapsMobileFull */,
			);
			productName = AppMVP;
			productReference = BB0000010000000000000099 /* Wheelly.app */;
			productType = "com.apple.product-type.application";
		};
/* End PBXNativeTarget section */

/* Begin PBXProject section */
		GG0000010000000000000001 /* Project object */ = {
			isa = PBXProject;
			attributes = {
				BuildIndependentTargetsInParallel = 1;
				LastSwiftUpdateCheck = 1500;
				LastUpgradeCheck = 2660;
				TargetAttributes = {
					FF0000010000000000000001 = {
						CreatedOnToolsVersion = 15.0;
					};
				};
			};
			buildConfigurationList = GG0000010000000000000002 /* Build configuration list for PBXProject "Wheelly" */;
			developmentRegion = ru;
			hasScannedForEncodings = 0;
			knownRegions = (
				en,
				ru,
				Base,
			);
			mainGroup = EE0000010000000000000001;
			packageReferences = (
				9A0000010000000000000001 /* XCRemoteSwiftPackageReference "mapkit-ios" */,
			);
			preferredProjectObjectVersion = 100;
			productRefGroup = EE0000010000000000000099 /* Products */;
			projectDirPath = "";
			projectRoot = "";
			targets = (
				FF0000010000000000000001 /* Wheelly */,
			);
		};
/* End PBXProject section */

/* Begin PBXResourcesBuildPhase section */
		DD0000010000000000000002 /* Resources */ = {
			isa = PBXResourcesBuildPhase;
			files = (
				AA0000010000000000000015 /* Assets.xcassets in Resources */,
			);
		};
/* End PBXResourcesBuildPhase section */

/* Begin PBXSourcesBuildPhase section */
		DD0000010000000000000001 /* Sources */ = {
			isa = PBXSourcesBuildPhase;
			files = (
				AA0000010000000000000001 /* AppMVPApp.swift in Sources */,
				CA0000010000000000000001 /* ServiceMath.swift in Sources */,
				CA0000010000000000000002 /* NumberFormat.swift in Sources */,
				CA0000010000000000000003 /* UIState.swift in Sources */,
				CA0000010000000000000004 /* UIStateCatalog.swift in Sources */,
				AA0000010000000000000003 /* Theme.swift in Sources */,
				AA0000010000000000000006 /* Car.swift in Sources */,
				9B0000000000000000000003 /* Place.swift in Sources */,
				9B0000000000000000000005 /* EngineCheck.swift in Sources */,
				AA00000100000000000000A1 /* ServiceRecord.swift in Sources */,
				AA000001000000000000000A /* AppState.swift in Sources */,
				AA000001000000000000000B /* RootView.swift in Sources */,
				AA000001000000000000000C /* OnboardingView.swift in Sources */,
				AA0000010000000000000018 /* OnboardingButtons.swift in Sources */,
				AA0000010000000000000019 /* PageIndicatorDots.swift in Sources */,
				AA000001000000000000001B /* AppleSignInButton.swift in Sources */,
				AA000001000000000000001C /* FormControls.swift in Sources */,
				AA000001000000000000001D /* AddCarView.swift in Sources */,
				AA000001000000000000001E /* CarFoundSheet.swift in Sources */,
				AA000001000000000000001F /* FloatingTabBar.swift in Sources */,
				AA0000010000000000000020 /* CarMainView.swift in Sources */,
				AA0000010000000000000021 /* AddServiceSheet.swift in Sources */,
				AA0000010000000000000022 /* AddServiceChoiceSheet.swift in Sources */,
				AA0000010000000000000023 /* AddCarSheet.swift in Sources */,
				AA0000010000000000000024 /* LiquidGlass.swift in Sources */,
				AA0000010000000000000025 /* BottomSheet.swift in Sources */,
				AA0000010000000000000026 /* PlateFormat.swift in Sources */,
				AA00000100000000000000B1 /* VehicleLookup.swift in Sources */,
				AA00000100000000000000B2 /* ImageLoader.swift in Sources */,
				AA00000100000000000000B3 /* MotionRim.swift in Sources */,
				8A0000010000000000000003 /* IssuesScreen.swift in Sources */,
				8A0000010000000000000002 /* SoundOrb.swift in Sources */,
				8A0000010000000000000001 /* AudioLevelMeter.swift in Sources */,
				9B0000010000000000000002 /* MapScreen.swift in Sources */,
				9B0000000000000000000004 /* MapController.swift in Sources */,
				7A0000010000000000000002 /* MoreScreen.swift in Sources */,
				9B0000010000000000000001 /* MapKitKey.swift in Sources */,
				9B0000000000000000000001 /* CarDiagnosis.swift in Sources */,
			);
		};
/* End PBXSourcesBuildPhase section */

/* Begin XCBuildConfiguration section */
		II0000010000000000000001 /* Debug configuration for PBXProject "Wheelly" */ = {
			isa = XCBuildConfiguration;
			buildSettings = {
				ALWAYS_SEARCH_USER_PATHS = NO;
				CLANG_ANALYZER_LOCALIZABILITY_NONLOCALIZED = YES;
				CLANG_ENABLE_MODULES = YES;
				CLANG_ENABLE_OBJC_ARC = YES;
				CLANG_WARN_BLOCK_CAPTURE_AUTORELEASING = YES;
				CLANG_WARN_BOOL_CONVERSION = YES;
				CLANG_WARN_COMMA = YES;
				CLANG_WARN_CONSTANT_CONVERSION = YES;
				CLANG_WARN_DEPRECATED_OBJC_IMPLEMENTATIONS = YES;
				CLANG_WARN_EMPTY_BODY = YES;
				CLANG_WARN_ENUM_CONVERSION = YES;
				CLANG_WARN_INFINITE_RECURSION = YES;
				CLANG_WARN_INT_CONVERSION = YES;
				CLANG_WARN_NON_LITERAL_NULL_CONVERSION = YES;
				CLANG_WARN_OBJC_IMPLICIT_RETAIN_SELF = YES;
				CLANG_WARN_OBJC_LITERAL_CONVERSION = YES;
				CLANG_WARN_QUOTED_INCLUDE_IN_FRAMEWORK_HEADER = YES;
				CLANG_WARN_RANGE_LOOP_ANALYSIS = YES;
				CLANG_WARN_STRICT_PROTOTYPES = YES;
				CLANG_WARN_SUSPICIOUS_MOVE = YES;
				CLANG_WARN_UNREACHABLE_CODE = YES;
				CLANG_WARN__DUPLICATE_METHOD_MATCH = YES;
				COPY_PHASE_STRIP = NO;
				DEBUG_INFORMATION_FORMAT = dwarf;
				DEVELOPMENT_TEAM = 5BK4R35RB8;
				ENABLE_STRICT_OBJC_MSGSEND = YES;
				ENABLE_TESTABILITY = YES;
				ENABLE_USER_SCRIPT_SANDBOXING = YES;
				GCC_DYNAMIC_NO_PIC = NO;
				GCC_NO_COMMON_BLOCKS = YES;
				GCC_OPTIMIZATION_LEVEL = 0;
				GCC_PREPROCESSOR_DEFINITIONS = (
					"DEBUG=1",
					"$(inherited)",
				);
				GCC_WARN_64_TO_32_BIT_CONVERSION = YES;
				GCC_WARN_ABOUT_RETURN_TYPE = YES;
				GCC_WARN_UNDECLARED_SELECTOR = YES;
				GCC_WARN_UNINITIALIZED_AUTOS = YES;
				GCC_WARN_UNUSED_FUNCTION = YES;
				GCC_WARN_UNUSED_VARIABLE = YES;
				IPHONEOS_DEPLOYMENT_TARGET = 17.0;
				MTL_ENABLE_DEBUG_INFO = INCLUDE_SOURCE;
				ONLY_ACTIVE_ARCH = YES;
				SDKROOT = iphoneos;
				STRING_CATALOG_GENERATE_SYMBOLS = YES;
				SWIFT_ACTIVE_COMPILATION_CONDITIONS = DEBUG;
				SWIFT_OPTIMIZATION_LEVEL = "-Onone";
			};
			name = Debug;
		};
		II0000010000000000000002 /* Release configuration for PBXProject "Wheelly" */ = {
			isa = XCBuildConfiguration;
			buildSettings = {
				ALWAYS_SEARCH_USER_PATHS = NO;
				CLANG_ANALYZER_LOCALIZABILITY_NONLOCALIZED = YES;
				CLANG_ENABLE_MODULES = YES;
				CLANG_ENABLE_OBJC_ARC = YES;
				CLANG_WARN_BLOCK_CAPTURE_AUTORELEASING = YES;
				CLANG_WARN_BOOL_CONVERSION = YES;
				CLANG_WARN_COMMA = YES;
				CLANG_WARN_CONSTANT_CONVERSION = YES;
				CLANG_WARN_DEPRECATED_OBJC_IMPLEMENTATIONS = YES;
				CLANG_WARN_EMPTY_BODY = YES;
				CLANG_WARN_ENUM_CONVERSION = YES;
				CLANG_WARN_INFINITE_RECURSION = YES;
				CLANG_WARN_INT_CONVERSION = YES;
				CLANG_WARN_NON_LITERAL_NULL_CONVERSION = YES;
				CLANG_WARN_OBJC_IMPLICIT_RETAIN_SELF = YES;
				CLANG_WARN_OBJC_LITERAL_CONVERSION = YES;
				CLANG_WARN_QUOTED_INCLUDE_IN_FRAMEWORK_HEADER = YES;
				CLANG_WARN_RANGE_LOOP_ANALYSIS = YES;
				CLANG_WARN_STRICT_PROTOTYPES = YES;
				CLANG_WARN_SUSPICIOUS_MOVE = YES;
				CLANG_WARN_UNREACHABLE_CODE = YES;
				CLANG_WARN__DUPLICATE_METHOD_MATCH = YES;
				COPY_PHASE_STRIP = NO;
				DEBUG_INFORMATION_FORMAT = "dwarf-with-dsym";
				DEVELOPMENT_TEAM = 5BK4R35RB8;
				ENABLE_NS_ASSERTIONS = NO;
				ENABLE_STRICT_OBJC_MSGSEND = YES;
				ENABLE_USER_SCRIPT_SANDBOXING = YES;
				GCC_NO_COMMON_BLOCKS = YES;
				GCC_WARN_64_TO_32_BIT_CONVERSION = YES;
				GCC_WARN_ABOUT_RETURN_TYPE = YES;
				GCC_WARN_UNDECLARED_SELECTOR = YES;
				GCC_WARN_UNINITIALIZED_AUTOS = YES;
				GCC_WARN_UNUSED_FUNCTION = YES;
				GCC_WARN_UNUSED_VARIABLE = YES;
				IPHONEOS_DEPLOYMENT_TARGET = 17.0;
				MTL_ENABLE_DEBUG_INFO = NO;
				SDKROOT = iphoneos;
				STRING_CATALOG_GENERATE_SYMBOLS = YES;
				SWIFT_COMPILATION_MODE = wholemodule;
				VALIDATE_PRODUCT = YES;
			};
			name = Release;
		};
		II0000010000000000000003 /* Debug configuration for PBXNativeTarget "Wheelly" */ = {
			isa = XCBuildConfiguration;
			buildSettings = {
				ASSETCATALOG_COMPILER_APPICON_NAME = AppIcon;
				ASSETCATALOG_COMPILER_GLOBAL_ACCENT_COLOR_NAME = AccentColor;
				CODE_SIGN_STYLE = Automatic;
				CURRENT_PROJECT_VERSION = 1;
				DEVELOPMENT_TEAM = 5BK4R35RB8;
				ENABLE_PREVIEWS = YES;
				GENERATE_INFOPLIST_FILE = YES;
				INFOPLIST_KEY_CFBundleDisplayName = Beepy;
				INFOPLIST_FILE = AppMVP/Resources/Info.plist;
				INFOPLIST_KEY_NSLocalNetworkUsageDescription = "Чтобы отправить запись двигателя на сервер разбора в вашей сети";
				INFOPLIST_KEY_NSLocationWhenInUseUsageDescription = "Чтобы показать вашу позицию на карте";
				INFOPLIST_KEY_NSMicrophoneUsageDescription = "Чтобы слушать двигатель и находить неисправности";
				INFOPLIST_KEY_UIApplicationSceneManifest_Generation = YES;
				INFOPLIST_KEY_UILaunchScreen_Generation = YES;
				INFOPLIST_KEY_UISupportedInterfaceOrientations_iPhone = UIInterfaceOrientationPortrait;
				LD_RUNPATH_SEARCH_PATHS = (
					"$(inherited)",
					"@executable_path/Frameworks",
				);
				MARKETING_VERSION = 1.0.0;
				OTHER_LDFLAGS = "-ObjC";
				PRODUCT_BUNDLE_IDENTIFIER = com.vladislavkotyrev.appmvp;
				PRODUCT_NAME = "$(TARGET_NAME)";
				SWIFT_EMIT_LOC_STRINGS = YES;
				SWIFT_VERSION = 5.0;
				TARGETED_DEVICE_FAMILY = "1,2";
			};
			name = Debug;
		};
		II0000010000000000000004 /* Release configuration for PBXNativeTarget "Wheelly" */ = {
			isa = XCBuildConfiguration;
			buildSettings = {
				ASSETCATALOG_COMPILER_APPICON_NAME = AppIcon;
				ASSETCATALOG_COMPILER_GLOBAL_ACCENT_COLOR_NAME = AccentColor;
				CODE_SIGN_STYLE = Automatic;
				CURRENT_PROJECT_VERSION = 1;
				ENABLE_PREVIEWS = YES;
				GENERATE_INFOPLIST_FILE = YES;
				INFOPLIST_KEY_CFBundleDisplayName = Beepy;
				INFOPLIST_FILE = AppMVP/Resources/Info.plist;
				INFOPLIST_KEY_NSLocalNetworkUsageDescription = "Чтобы отправить запись двигателя на сервер разбора в вашей сети";
				INFOPLIST_KEY_NSLocationWhenInUseUsageDescription = "Чтобы показать вашу позицию на карте";
				INFOPLIST_KEY_NSMicrophoneUsageDescription = "Чтобы слушать двигатель и находить неисправности";
				INFOPLIST_KEY_UIApplicationSceneManifest_Generation = YES;
				INFOPLIST_KEY_UILaunchScreen_Generation = YES;
				INFOPLIST_KEY_UISupportedInterfaceOrientations_iPhone = UIInterfaceOrientationPortrait;
				LD_RUNPATH_SEARCH_PATHS = (
					"$(inherited)",
					"@executable_path/Frameworks",
				);
				MARKETING_VERSION = 1.0.0;
				OTHER_LDFLAGS = "-ObjC";
				PRODUCT_BUNDLE_IDENTIFIER = com.vladislavkotyrev.appmvp;
				PRODUCT_NAME = "$(TARGET_NAME)";
				SWIFT_EMIT_LOC_STRINGS = YES;
				SWIFT_VERSION = 5.0;
				TARGETED_DEVICE_FAMILY = "1,2";
			};
			name = Release;
		};
/* End XCBuildConfiguration section */

/* Begin XCConfigurationList section */
		FF0000010000000000000002 /* Build configuration list for PBXNativeTarget "Wheelly" */ = {
			isa = XCConfigurationList;
			buildConfigurations = (
				II0000010000000000000003 /* Debug configuration for PBXNativeTarget "Wheelly" */,
				II0000010000000000000004 /* Release configuration for PBXNativeTarget "Wheelly" */,
			);
			defaultConfigurationName = Release;
		};
		GG0000010000000000000002 /* Build configuration list for PBXProject "Wheelly" */ = {
			isa = XCConfigurationList;
			buildConfigurations = (
				II0000010000000000000001 /* Debug configuration for PBXProject "Wheelly" */,
				II0000010000000000000002 /* Release configuration for PBXProject "Wheelly" */,
			);
			defaultConfigurationName = Release;
		};
/* End XCConfigurationList section */

/* Begin XCRemoteSwiftPackageReference section */
		9A0000010000000000000001 /* XCRemoteSwiftPackageReference "mapkit-ios" */ = {
			isa = XCRemoteSwiftPackageReference;
			repositoryURL = "https://github.com/yandex/mapkit-ios";
			requirement = {
				kind = upToNextMajorVersion;
				minimumVersion = 4.0.0;
			};
		};
/* End XCRemoteSwiftPackageReference section */

/* Begin XCSwiftPackageProductDependency section */
		9A0000010000000000000002 /* YandexMapsMobileFull */ = {
			isa = XCSwiftPackageProductDependency;
			package = 9A0000010000000000000001 /* XCRemoteSwiftPackageReference "mapkit-ios" */;
			productName = YandexMapsMobileFull;
		};
/* End XCSwiftPackageProductDependency section */
	};
	rootObject = GG0000010000000000000001 /* Project object */;
}
